
Microsoft Visual Studio Solution File, Format Version 12.00
# Visual Studio Version 17
VisualStudioVersion = 17.13.35806.99 d17.13
MinimumVisualStudioVersion = 10.0.40219.1
Project("{FAE04EC0-301F-11D3-BF4B-00C04F79EFBC}") = "CarminhaFrufruOps", "CarminhaFrufruOps\CarminhaFrufruOps.csproj", "{8D89E8D3-A7BB-4B4E-B890-51491178AE4F}"
EndProject
Global
	GlobalSection(SolutionConfigurationPlatforms) = preSolution
		Debug|Any CPU = Debug|Any CPU
		Release|Any CPU = Release|Any CPU
	EndGlobalSection
	GlobalSection(ProjectConfigurationPlatforms) = postSolution
		{8D89E8D3-A7BB-4B4E-B890-51491178AE4F}.Debug|Any CPU.ActiveCfg = Debug|Any CPU
		{8D89E8D3-A7BB-4B4E-B890-51491178AE4F}.Debug|Any CPU.Build.0 = Debug|Any CPU
		{8D89E8D3-A7BB-4B4E-B890-51491178AE4F}.Release|Any CPU.ActiveCfg = Release|Any CPU
		{8D89E8D3-A7BB-4B4E-B890-51491178AE4F}.Release|Any CPU.Build.0 = Release|Any CPU
	EndGlobalSection
	GlobalSection(SolutionProperties) = preSolution
		HideSolutionNode = FALSE
	EndGlobalSection
	GlobalSection(ExtensibilityGlobals) = postSolution
		SolutionGuid = {EE6E3EDD-14C4-45B3-8977-4103EFB4DEEE}
	EndGlobalSection
EndGlobal
